
Microsoft Visual Studio Solution File, Format Version 9.00
# Visual Studio 2005
Project("{FAE04EC0-301F-11D3-BF4B-00C04F79EFBC}") = "QueryShedular_HL_HX_CODD", "QueryShedular_HL_HX_CODD\QueryShedular_HL_HX_CODD.csproj", "{A18AC083-8D87-4F0F-AD4C-1BA6BD8DA714}"
EndProject
Global
	GlobalSection(SourceCodeControl) = preSolution
		SccNumberOfProjects = 2
		SccLocalPath0 = .
		SccProjectUniqueName1 = QueryShedular_HL_HX_CODD\\QueryShedular_HL_HX_CODD.csproj
		SccLocalPath1 = .
		SccProjectFilePathRelativizedFromConnection1 = QueryShedular_HL_HX_CODD\\
	EndGlobalSection
	GlobalSection(SolutionConfigurationPlatforms) = preSolution
		Debug|Any CPU = Debug|Any CPU
		Release|Any CPU = Release|Any CPU
	EndGlobalSection
	GlobalSection(ProjectConfigurationPlatforms) = postSolution
		{A18AC083-8D87-4F0F-AD4C-1BA6BD8DA714}.Debug|Any CPU.ActiveCfg = Debug|Any CPU
		{A18AC083-8D87-4F0F-AD4C-1BA6BD8DA714}.Debug|Any CPU.Build.0 = Debug|Any CPU
		{A18AC083-8D87-4F0F-AD4C-1BA6BD8DA714}.Release|Any CPU.ActiveCfg = Release|Any CPU
		{A18AC083-8D87-4F0F-AD4C-1BA6BD8DA714}.Release|Any CPU.Build.0 = Release|Any CPU
	EndGlobalSection
	GlobalSection(SolutionProperties) = preSolution
		HideSolutionNode = FALSE
	EndGlobalSection
EndGlobal
